
Microsoft Visual Studio Solution File, Format Version 12.00
# Visual Studio Version 16
VisualStudioVersion = 16.0.28922.388
MinimumVisualStudioVersion = 10.0.40219.1
Project("{FAE04EC0-301F-11D3-BF4B-00C04F79EFBC}") = "ConsoleAppObserverExemple", "ConsoleAppObserverExemple.csproj", "{4ACC8CCC-A3CD-4B4A-BC01-50AB6F091593}"
EndProject
Global
	GlobalSection(SolutionConfigurationPlatforms) = preSolution
		Debug|Any CPU = Debug|Any CPU
		Release|Any CPU = Release|Any CPU
	EndGlobalSection
	GlobalSection(ProjectConfigurationPlatforms) = postSolution
		{4ACC8CCC-A3CD-4B4A-BC01-50AB6F091593}.Debug|Any CPU.ActiveCfg = Debug|Any CPU
		{4ACC8CCC-A3CD-4B4A-BC01-50AB6F091593}.Debug|Any CPU.Build.0 = Debug|Any CPU
		{4ACC8CCC-A3CD-4B4A-BC01-50AB6F091593}.Release|Any CPU.ActiveCfg = Release|Any CPU
		{4ACC8CCC-A3CD-4B4A-BC01-50AB6F091593}.Release|Any CPU.Build.0 = Release|Any CPU
	EndGlobalSection
	GlobalSection(SolutionProperties) = preSolution
		HideSolutionNode = FALSE
	EndGlobalSection
	GlobalSection(ExtensibilityGlobals) = postSolution
		SolutionGuid = {3317967B-D751-4E12-BDA9-1D060DDB2391}
	EndGlobalSection
EndGlobal
